
Microsoft Visual Studio Solution File, Format Version 12.00
# Visual Studio Version 16
VisualStudioVersion = 25.0.1706.5
MinimumVisualStudioVersion = 10.0.40219.1
Project("{FAE04EC0-301F-11D3-BF4B-00C04F79EFBC}") = "TypesAndVariables", "TypesAndVariables\TypesAndVariables.csproj", "{0452AF8B-F380-4563-85DB-33349F6769BD}"
EndProject
Project("{FAE04EC0-301F-11D3-BF4B-00C04F79EFBC}") = "Conditionals", "Conditionals\Conditionals.csproj", "{E94605E6-1B39-4EF7-B8F5-3B9BB5A36BCB}"
EndProject
Project("{FAE04EC0-301F-11D3-BF4B-00C04F79EFBC}") = "Methods", "Methods\Methods.csproj", "{9FBE13AD-D38C-483F-87A5-36500DCBF624}"
EndProject
Project("{FAE04EC0-301F-11D3-BF4B-00C04F79EFBC}") = "Arrays", "Arrays\Arrays.csproj", "{A40CB9F0-8213-4AC4-8303-15CD2342CEA8}"
EndProject
Project("{FAE04EC0-301F-11D3-BF4B-00C04F79EFBC}") = "Loops", "Loops\Loops.csproj", "{08211B0F-5622-4728-98A8-9AB4F573CC78}"
EndProject
Project("{FAE04EC0-301F-11D3-BF4B-00C04F79EFBC}") = "Strings", "Strings\Strings.csproj", "{3BCE42AB-C6A9-4E08-B252-81DA37BECAA3}"
EndProject
Project("{FAE04EC0-301F-11D3-BF4B-00C04F79EFBC}") = "Classes", "Classes\Classes.csproj", "{7A6147B1-1362-4082-AD84-30EADD0F4352}"
EndProject
Project("{FAE04EC0-301F-11D3-BF4B-00C04F79EFBC}") = "RecapDemo1", "RecapDemo1\RecapDemo1.csproj", "{EE5B3E45-8817-4DC7-9FF5-B6155A65B5C0}"
EndProject
Global
	GlobalSection(SolutionConfigurationPlatforms) = preSolution
		Debug|Any CPU = Debug|Any CPU
		Release|Any CPU = Release|Any CPU
	EndGlobalSection
	GlobalSection(ProjectConfigurationPlatforms) = postSolution
		{0452AF8B-F380-4563-85DB-33349F6769BD}.Debug|Any CPU.ActiveCfg = Debug|Any CPU
		{0452AF8B-F380-4563-85DB-33349F6769BD}.Debug|Any CPU.Build.0 = Debug|Any CPU
		{0452AF8B-F380-4563-85DB-33349F6769BD}.Release|Any CPU.ActiveCfg = Release|Any CPU
		{0452AF8B-F380-4563-85DB-33349F6769BD}.Release|Any CPU.Build.0 = Release|Any CPU
		{E94605E6-1B39-4EF7-B8F5-3B9BB5A36BCB}.Debug|Any CPU.ActiveCfg = Debug|Any CPU
		{E94605E6-1B39-4EF7-B8F5-3B9BB5A36BCB}.Debug|Any CPU.Build.0 = Debug|Any CPU
		{E94605E6-1B39-4EF7-B8F5-3B9BB5A36BCB}.Release|Any CPU.ActiveCfg = Release|Any CPU
		{E94605E6-1B39-4EF7-B8F5-3B9BB5A36BCB}.Release|Any CPU.Build.0 = Release|Any CPU
		{9FBE13AD-D38C-483F-87A5-36500DCBF624}.Debug|Any CPU.ActiveCfg = Debug|Any CPU
		{9FBE13AD-D38C-483F-87A5-36500DCBF624}.Debug|Any CPU.Build.0 = Debug|Any CPU
		{9FBE13AD-D38C-483F-87A5-36500DCBF624}.Release|Any CPU.ActiveCfg = Release|Any CPU
		{9FBE13AD-D38C-483F-87A5-36500DCBF624}.Release|Any CPU.Build.0 = Release|Any CPU
		{A40CB9F0-8213-4AC4-8303-15CD2342CEA8}.Debug|Any CPU.ActiveCfg = Debug|Any CPU
		{A40CB9F0-8213-4AC4-8303-15CD2342CEA8}.Debug|Any CPU.Build.0 = Debug|Any CPU
		{A40CB9F0-8213-4AC4-8303-15CD2342CEA8}.Release|Any CPU.ActiveCfg = Release|Any CPU
		{A40CB9F0-8213-4AC4-8303-15CD2342CEA8}.Release|Any CPU.Build.0 = Release|Any CPU
		{08211B0F-5622-4728-98A8-9AB4F573CC78}.Debug|Any CPU.ActiveCfg = Debug|Any CPU
		{08211B0F-5622-4728-98A8-9AB4F573CC78}.Debug|Any CPU.Build.0 = Debug|Any CPU
		{08211B0F-5622-4728-98A8-9AB4F573CC78}.Release|Any CPU.ActiveCfg = Release|Any CPU
		{08211B0F-5622-4728-98A8-9AB4F573CC78}.Release|Any CPU.Build.0 = Release|Any CPU
		{3BCE42AB-C6A9-4E08-B252-81DA37BECAA3}.Debug|Any CPU.ActiveCfg = Debug|Any CPU
		{3BCE42AB-C6A9-4E08-B252-81DA37BECAA3}.Debug|Any CPU.Build.0 = Debug|Any CPU
		{3BCE42AB-C6A9-4E08-B252-81DA37BECAA3}.Release|Any CPU.ActiveCfg = Release|Any CPU
		{3BCE42AB-C6A9-4E08-B252-81DA37BECAA3}.Release|Any CPU.Build.0 = Release|Any CPU
		{7A6147B1-1362-4082-AD84-30EADD0F4352}.Debug|Any CPU.ActiveCfg = Debug|Any CPU
		{7A6147B1-1362-4082-AD84-30EADD0F4352}.Debug|Any CPU.Build.0 = Debug|Any CPU
		{7A6147B1-1362-4082-AD84-30EADD0F4352}.Release|Any CPU.ActiveCfg = Release|Any CPU
		{7A6147B1-1362-4082-AD84-30EADD0F4352}.Release|Any CPU.Build.0 = Release|Any CPU
		{EE5B3E45-8817-4DC7-9FF5-B6155A65B5C0}.Debug|Any CPU.ActiveCfg = Debug|Any CPU
		{EE5B3E45-8817-4DC7-9FF5-B6155A65B5C0}.Debug|Any CPU.Build.0 = Debug|Any CPU
		{EE5B3E45-8817-4DC7-9FF5-B6155A65B5C0}.Release|Any CPU.ActiveCfg = Release|Any CPU
		{EE5B3E45-8817-4DC7-9FF5-B6155A65B5C0}.Release|Any CPU.Build.0 = Release|Any CPU
	EndGlobalSection
	GlobalSection(SolutionProperties) = preSolution
		HideSolutionNode = FALSE
	EndGlobalSection
	GlobalSection(ExtensibilityGlobals) = postSolution
		SolutionGuid = {3ACA05AE-C3D7-4D9D-A0C5-1A46D6B9C0DA}
	EndGlobalSection
EndGlobal
