
Microsoft Visual Studio Solution File, Format Version 12.00
# Visual Studio Version 17
VisualStudioVersion = 17.6.33815.320
MinimumVisualStudioVersion = 10.0.40219.1
Project("{9A19103F-16F7-4668-BE54-9A1E7A4F7556}") = "TypesAndVariables", "TypesAndVariables\TypesAndVariables.csproj", "{0452AF8B-F380-4563-85DB-33349F6769BD}"
EndProject
Project("{9A19103F-16F7-4668-BE54-9A1E7A4F7556}") = "Conditionals", "Conditionals\Conditionals.csproj", "{E94605E6-1B39-4EF7-B8F5-3B9BB5A36BCB}"
EndProject
Project("{9A19103F-16F7-4668-BE54-9A1E7A4F7556}") = "Methods", "Methods\Methods.csproj", "{9FBE13AD-D38C-483F-87A5-36500DCBF624}"
EndProject
Project("{9A19103F-16F7-4668-BE54-9A1E7A4F7556}") = "Arrays", "Arrays\Arrays.csproj", "{A40CB9F0-8213-4AC4-8303-15CD2342CEA8}"
EndProject
Project("{9A19103F-16F7-4668-BE54-9A1E7A4F7556}") = "Loops", "Loops\Loops.csproj", "{08211B0F-5622-4728-98A8-9AB4F573CC78}"
EndProject
Project("{9A19103F-16F7-4668-BE54-9A1E7A4F7556}") = "Strings", "Strings\Strings.csproj", "{3BCE42AB-C6A9-4E08-B252-81DA37BECAA3}"
EndProject
Project("{FAE04EC0-301F-11D3-BF4B-00C04F79EFBC}") = "RecapDemo1", "RecapDemo1\RecapDemo1.csproj", "{DA943341-7F6C-4CC2-BC95-B954B004D081}"
EndProject
Project("{FAE04EC0-301F-11D3-BF4B-00C04F79EFBC}") = "InterfacesDemo", "InterfacesDemo\InterfacesDemo.csproj", "{2054EF09-1943-470B-8B65-AE14666D9914}"
EndProject
Project("{FAE04EC0-301F-11D3-BF4B-00C04F79EFBC}") = "Inheritance", "Inheritance\Inheritance.csproj", "{AEAA2D88-CAC9-48CC-BA67-769AA8BCD174}"
EndProject
Project("{FAE04EC0-301F-11D3-BF4B-00C04F79EFBC}") = "Classes", "Classes\Classes.csproj", "{B5E92BE7-B179-4703-B8C7-3C71F7B51876}"
EndProject
Project("{FAE04EC0-301F-11D3-BF4B-00C04F79EFBC}") = "Interfaces", "Interfaces\Interfaces.csproj", "{64A2AFDC-86B4-4262-8E1F-F38E22B7BE1E}"
EndProject
Global
	GlobalSection(SolutionConfigurationPlatforms) = preSolution
		Debug|Any CPU = Debug|Any CPU
		Release|Any CPU = Release|Any CPU
	EndGlobalSection
	GlobalSection(ProjectConfigurationPlatforms) = postSolution
		{0452AF8B-F380-4563-85DB-33349F6769BD}.Debug|Any CPU.ActiveCfg = Debug|Any CPU
		{0452AF8B-F380-4563-85DB-33349F6769BD}.Debug|Any CPU.Build.0 = Debug|Any CPU
		{0452AF8B-F380-4563-85DB-33349F6769BD}.Release|Any CPU.ActiveCfg = Release|Any CPU
		{0452AF8B-F380-4563-85DB-33349F6769BD}.Release|Any CPU.Build.0 = Release|Any CPU
		{E94605E6-1B39-4EF7-B8F5-3B9BB5A36BCB}.Debug|Any CPU.ActiveCfg = Debug|Any CPU
		{E94605E6-1B39-4EF7-B8F5-3B9BB5A36BCB}.Debug|Any CPU.Build.0 = Debug|Any CPU
		{E94605E6-1B39-4EF7-B8F5-3B9BB5A36BCB}.Release|Any CPU.ActiveCfg = Release|Any CPU
		{E94605E6-1B39-4EF7-B8F5-3B9BB5A36BCB}.Release|Any CPU.Build.0 = Release|Any CPU
		{9FBE13AD-D38C-483F-87A5-36500DCBF624}.Debug|Any CPU.ActiveCfg = Debug|Any CPU
		{9FBE13AD-D38C-483F-87A5-36500DCBF624}.Debug|Any CPU.Build.0 = Debug|Any CPU
		{9FBE13AD-D38C-483F-87A5-36500DCBF624}.Release|Any CPU.ActiveCfg = Release|Any CPU
		{9FBE13AD-D38C-483F-87A5-36500DCBF624}.Release|Any CPU.Build.0 = Release|Any CPU
		{A40CB9F0-8213-4AC4-8303-15CD2342CEA8}.Debug|Any CPU.ActiveCfg = Debug|Any CPU
		{A40CB9F0-8213-4AC4-8303-15CD2342CEA8}.Debug|Any CPU.Build.0 = Debug|Any CPU
		{A40CB9F0-8213-4AC4-8303-15CD2342CEA8}.Release|Any CPU.ActiveCfg = Release|Any CPU
		{A40CB9F0-8213-4AC4-8303-15CD2342CEA8}.Release|Any CPU.Build.0 = Release|Any CPU
		{08211B0F-5622-4728-98A8-9AB4F573CC78}.Debug|Any CPU.ActiveCfg = Debug|Any CPU
		{08211B0F-5622-4728-98A8-9AB4F573CC78}.Debug|Any CPU.Build.0 = Debug|Any CPU
		{08211B0F-5622-4728-98A8-9AB4F573CC78}.Release|Any CPU.ActiveCfg = Release|Any CPU
		{08211B0F-5622-4728-98A8-9AB4F573CC78}.Release|Any CPU.Build.0 = Release|Any CPU
		{3BCE42AB-C6A9-4E08-B252-81DA37BECAA3}.Debug|Any CPU.ActiveCfg = Debug|Any CPU
		{3BCE42AB-C6A9-4E08-B252-81DA37BECAA3}.Debug|Any CPU.Build.0 = Debug|Any CPU
		{3BCE42AB-C6A9-4E08-B252-81DA37BECAA3}.Release|Any CPU.ActiveCfg = Release|Any CPU
		{3BCE42AB-C6A9-4E08-B252-81DA37BECAA3}.Release|Any CPU.Build.0 = Release|Any CPU
		{DA943341-7F6C-4CC2-BC95-B954B004D081}.Debug|Any CPU.ActiveCfg = Debug|Any CPU
		{DA943341-7F6C-4CC2-BC95-B954B004D081}.Debug|Any CPU.Build.0 = Debug|Any CPU
		{DA943341-7F6C-4CC2-BC95-B954B004D081}.Release|Any CPU.ActiveCfg = Release|Any CPU
		{DA943341-7F6C-4CC2-BC95-B954B004D081}.Release|Any CPU.Build.0 = Release|Any CPU
		{2054EF09-1943-470B-8B65-AE14666D9914}.Debug|Any CPU.ActiveCfg = Debug|Any CPU
		{2054EF09-1943-470B-8B65-AE14666D9914}.Debug|Any CPU.Build.0 = Debug|Any CPU
		{2054EF09-1943-470B-8B65-AE14666D9914}.Release|Any CPU.ActiveCfg = Release|Any CPU
		{2054EF09-1943-470B-8B65-AE14666D9914}.Release|Any CPU.Build.0 = Release|Any CPU
		{AEAA2D88-CAC9-48CC-BA67-769AA8BCD174}.Debug|Any CPU.ActiveCfg = Debug|Any CPU
		{AEAA2D88-CAC9-48CC-BA67-769AA8BCD174}.Debug|Any CPU.Build.0 = Debug|Any CPU
		{AEAA2D88-CAC9-48CC-BA67-769AA8BCD174}.Release|Any CPU.ActiveCfg = Release|Any CPU
		{AEAA2D88-CAC9-48CC-BA67-769AA8BCD174}.Release|Any CPU.Build.0 = Release|Any CPU
		{B5E92BE7-B179-4703-B8C7-3C71F7B51876}.Debug|Any CPU.ActiveCfg = Debug|Any CPU
		{B5E92BE7-B179-4703-B8C7-3C71F7B51876}.Debug|Any CPU.Build.0 = Debug|Any CPU
		{B5E92BE7-B179-4703-B8C7-3C71F7B51876}.Release|Any CPU.ActiveCfg = Release|Any CPU
		{B5E92BE7-B179-4703-B8C7-3C71F7B51876}.Release|Any CPU.Build.0 = Release|Any CPU
		{64A2AFDC-86B4-4262-8E1F-F38E22B7BE1E}.Debug|Any CPU.ActiveCfg = Debug|Any CPU
		{64A2AFDC-86B4-4262-8E1F-F38E22B7BE1E}.Debug|Any CPU.Build.0 = Debug|Any CPU
		{64A2AFDC-86B4-4262-8E1F-F38E22B7BE1E}.Release|Any CPU.ActiveCfg = Release|Any CPU
		{64A2AFDC-86B4-4262-8E1F-F38E22B7BE1E}.Release|Any CPU.Build.0 = Release|Any CPU
	EndGlobalSection
	GlobalSection(SolutionProperties) = preSolution
		HideSolutionNode = FALSE
	EndGlobalSection
	GlobalSection(ExtensibilityGlobals) = postSolution
		SolutionGuid = {3ACA05AE-C3D7-4D9D-A0C5-1A46D6B9C0DA}
	EndGlobalSection
EndGlobal
